// !$*UTF8*$!
{
	archiveVersion = 1;
	classes = {
	};
	objectVersion = 50;
	objects = {

/* Begin PBXBuildFile section */
		6F6BDD72240E303A009A3E1F /* NIOCodableKey.swift in Sources */ = {isa = PBXBuildFile; fileRef = 6F6BDD71240E303A009A3E1F /* NIOCodableKey.swift */; };
		F7A549EA22E802A000EEB188 /* AppDelegate.swift in Sources */ = {isa = PBXBuildFile; fileRef = F7A549E922E802A000EEB188 /* AppDelegate.swift */; };
		F7A549EC22E802A000EEB188 /* ViewController.swift in Sources */ = {isa = PBXBuildFile; fileRef = F7A549EB22E802A000EEB188 /* ViewController.swift */; };
		F7A549F122E802A000EEB188 /* Assets.xcassets in Resources */ = {isa = PBXBuildFile; fileRef = F7A549F022E802A000EEB188 /* Assets.xcassets */; };
		F7A549FF22E802A100EEB188 /* NIOCodableTests.swift in Sources */ = {isa = PBXBuildFile; fileRef = F7A549FE22E802A100EEB188 /* NIOCodableTests.swift */; };
		F7A54A1122E802CF00EEB188 /* NIODecoder.swift in Sources */ = {isa = PBXBuildFile; fileRef = F7A54A0B22E802CF00EEB188 /* NIODecoder.swift */; };
		F7A54A1222E802CF00EEB188 /* NIOJSONDecoder.swift in Sources */ = {isa = PBXBuildFile; fileRef = F7A54A0C22E802CF00EEB188 /* NIOJSONDecoder.swift */; };
		F7A54A1322E802CF00EEB188 /* NIOConvertible.swift in Sources */ = {isa = PBXBuildFile; fileRef = F7A54A0D22E802CF00EEB188 /* NIOConvertible.swift */; };
		F7A54A1F22E946FE00EEB188 /* NIOSingleValueDecodingContainer.swift in Sources */ = {isa = PBXBuildFile; fileRef = F7A54A1C22E946FE00EEB188 /* NIOSingleValueDecodingContainer.swift */; };
		F7A54A2022E946FE00EEB188 /* NIOUnkeyedDecodingContainer.swift in Sources */ = {isa = PBXBuildFile; fileRef = F7A54A1D22E946FE00EEB188 /* NIOUnkeyedDecodingContainer.swift */; };
		F7A54A2122E946FE00EEB188 /* NIOKeyedDecodingContainer.swift in Sources */ = {isa = PBXBuildFile; fileRef = F7A54A1E22E946FE00EEB188 /* NIOKeyedDecodingContainer.swift */; };
		F7A54A2322E9475F00EEB188 /* Launch Screen.storyboard in Resources */ = {isa = PBXBuildFile; fileRef = F7A54A2222E9475F00EEB188 /* Launch Screen.storyboard */; };
/* End PBXBuildFile section */

/* Begin PBXContainerItemProxy section */
		F7A549FB22E802A100EEB188 /* PBXContainerItemProxy */ = {
			isa = PBXContainerItemProxy;
			containerPortal = F7A549DE22E8029F00EEB188 /* Project object */;
			proxyType = 1;
			remoteGlobalIDString = F7A549E522E8029F00EEB188;
			remoteInfo = NIOCodable;
		};
/* End PBXContainerItemProxy section */

/* Begin PBXFileReference section */
		6F6BDD71240E303A009A3E1F /* NIOCodableKey.swift */ = {isa = PBXFileReference; lastKnownFileType = sourcecode.swift; path = NIOCodableKey.swift; sourceTree = "<group>"; };
		F7A549E622E8029F00EEB188 /* NIOCodable.app */ = {isa = PBXFileReference; explicitFileType = wrapper.application; includeInIndex = 0; path = NIOCodable.app; sourceTree = BUILT_PRODUCTS_DIR; };
		F7A549E922E802A000EEB188 /* AppDelegate.swift */ = {isa = PBXFileReference; lastKnownFileType = sourcecode.swift; path = AppDelegate.swift; sourceTree = "<group>"; };
		F7A549EB22E802A000EEB188 /* ViewController.swift */ = {isa = PBXFileReference; lastKnownFileType = sourcecode.swift; path = ViewController.swift; sourceTree = "<group>"; };
		F7A549F022E802A000EEB188 /* Assets.xcassets */ = {isa = PBXFileReference; lastKnownFileType = folder.assetcatalog; path = Assets.xcassets; sourceTree = "<group>"; };
		F7A549F522E802A000EEB188 /* Info.plist */ = {isa = PBXFileReference; lastKnownFileType = text.plist.xml; path = Info.plist; sourceTree = "<group>"; };
		F7A549FA22E802A100EEB188 /* NIOCodableTests.xctest */ = {isa = PBXFileReference; explicitFileType = wrapper.cfbundle; includeInIndex = 0; path = NIOCodableTests.xctest; sourceTree = BUILT_PRODUCTS_DIR; };
		F7A549FE22E802A100EEB188 /* NIOCodableTests.swift */ = {isa = PBXFileReference; lastKnownFileType = sourcecode.swift; path = NIOCodableTests.swift; sourceTree = "<group>"; };
		F7A54A0022E802A100EEB188 /* Info.plist */ = {isa = PBXFileReference; lastKnownFileType = text.plist.xml; path = Info.plist; sourceTree = "<group>"; };
		F7A54A0B22E802CF00EEB188 /* NIODecoder.swift */ = {isa = PBXFileReference; fileEncoding = 4; lastKnownFileType = sourcecode.swift; path = NIODecoder.swift; sourceTree = "<group>"; };
		F7A54A0C22E802CF00EEB188 /* NIOJSONDecoder.swift */ = {isa = PBXFileReference; fileEncoding = 4; lastKnownFileType = sourcecode.swift; path = NIOJSONDecoder.swift; sourceTree = "<group>"; };
		F7A54A0D22E802CF00EEB188 /* NIOConvertible.swift */ = {isa = PBXFileReference; fileEncoding = 4; lastKnownFileType = sourcecode.swift; path = NIOConvertible.swift; sourceTree = "<group>"; };
		F7A54A1C22E946FE00EEB188 /* NIOSingleValueDecodingContainer.swift */ = {isa = PBXFileReference; fileEncoding = 4; lastKnownFileType = sourcecode.swift; path = NIOSingleValueDecodingContainer.swift; sourceTree = "<group>"; };
		F7A54A1D22E946FE00EEB188 /* NIOUnkeyedDecodingContainer.swift */ = {isa = PBXFileReference; fileEncoding = 4; lastKnownFileType = sourcecode.swift; path = NIOUnkeyedDecodingContainer.swift; sourceTree = "<group>"; };
		F7A54A1E22E946FE00EEB188 /* NIOKeyedDecodingContainer.swift */ = {isa = PBXFileReference; fileEncoding = 4; lastKnownFileType = sourcecode.swift; path = NIOKeyedDecodingContainer.swift; sourceTree = "<group>"; };
		F7A54A2222E9475F00EEB188 /* Launch Screen.storyboard */ = {isa = PBXFileReference; lastKnownFileType = file.storyboard; path = "Launch Screen.storyboard"; sourceTree = "<group>"; };
/* End PBXFileReference section */

/* Begin PBXFrameworksBuildPhase section */
		F7A549E322E8029F00EEB188 /* Frameworks */ = {
			isa = PBXFrameworksBuildPhase;
			buildActionMask = 2147483647;
			files = (
			);
			runOnlyForDeploymentPostprocessing = 0;
		};
		F7A549F722E802A100EEB188 /* Frameworks */ = {
			isa = PBXFrameworksBuildPhase;
			buildActionMask = 2147483647;
			files = (
			);
			runOnlyForDeploymentPostprocessing = 0;
		};
/* End PBXFrameworksBuildPhase section */

/* Begin PBXGroup section */
		F7A549DD22E8029F00EEB188 = {
			isa = PBXGroup;
			children = (
				F7A549E822E8029F00EEB188 /* NIOCodable */,
				F7A549FD22E802A100EEB188 /* NIOCodableTests */,
				F7A549E722E8029F00EEB188 /* Products */,
			);
			sourceTree = "<group>";
		};
		F7A549E722E8029F00EEB188 /* Products */ = {
			isa = PBXGroup;
			children = (
				F7A549E622E8029F00EEB188 /* NIOCodable.app */,
				F7A549FA22E802A100EEB188 /* NIOCodableTests.xctest */,
			);
			name = Products;
			sourceTree = "<group>";
		};
		F7A549E822E8029F00EEB188 /* NIOCodable */ = {
			isa = PBXGroup;
			children = (
				F7A54A0922E802C200EEB188 /* NIOCodable */,
				F7A549E922E802A000EEB188 /* AppDelegate.swift */,
				F7A549EB22E802A000EEB188 /* ViewController.swift */,
				F7A549F022E802A000EEB188 /* Assets.xcassets */,
				F7A549F522E802A000EEB188 /* Info.plist */,
				F7A54A2222E9475F00EEB188 /* Launch Screen.storyboard */,
			);
			path = NIOCodable;
			sourceTree = "<group>";
		};
		F7A549FD22E802A100EEB188 /* NIOCodableTests */ = {
			isa = PBXGroup;
			children = (
				F7A549FE22E802A100EEB188 /* NIOCodableTests.swift */,
				F7A54A0022E802A100EEB188 /* Info.plist */,
			);
			path = NIOCodableTests;
			sourceTree = "<group>";
		};
		F7A54A0922E802C200EEB188 /* NIOCodable */ = {
			isa = PBXGroup;
			children = (
				F7A54A1722E8036500EEB188 /* NIOEncoder */,
				F7A54A0A22E802CF00EEB188 /* NIODecoder */,
			);
			path = NIOCodable;
			sourceTree = "<group>";
		};
		F7A54A0A22E802CF00EEB188 /* NIODecoder */ = {
			isa = PBXGroup;
			children = (
				F7A54A0C22E802CF00EEB188 /* NIOJSONDecoder.swift */,
				F7A54A0B22E802CF00EEB188 /* NIODecoder.swift */,
				F7A54A0D22E802CF00EEB188 /* NIOConvertible.swift */,
				F7A54A1E22E946FE00EEB188 /* NIOKeyedDecodingContainer.swift */,
				F7A54A1C22E946FE00EEB188 /* NIOSingleValueDecodingContainer.swift */,
				F7A54A1D22E946FE00EEB188 /* NIOUnkeyedDecodingContainer.swift */,
				6F6BDD71240E303A009A3E1F /* NIOCodableKey.swift */,
			);
			path = NIODecoder;
			sourceTree = "<group>";
		};
		F7A54A1722E8036500EEB188 /* NIOEncoder */ = {
			isa = PBXGroup;
			children = (
			);
			path = NIOEncoder;
			sourceTree = "<group>";
		};
/* End PBXGroup section */

/* Begin PBXNativeTarget section */
		F7A549E522E8029F00EEB188 /* NIOCodable */ = {
			isa = PBXNativeTarget;
			buildConfigurationList = F7A54A0322E802A100EEB188 /* Build configuration list for PBXNativeTarget "NIOCodable" */;
			buildPhases = (
				F7A549E222E8029F00EEB188 /* Sources */,
				F7A549E322E8029F00EEB188 /* Frameworks */,
				F7A549E422E8029F00EEB188 /* Resources */,
			);
			buildRules = (
			);
			dependencies = (
			);
			name = NIOCodable;
			productName = NIOCodable;
			productReference = F7A549E622E8029F00EEB188 /* NIOCodable.app */;
			productType = "com.apple.product-type.application";
		};
		F7A549F922E802A100EEB188 /* NIOCodableTests */ = {
			isa = PBXNativeTarget;
			buildConfigurationList = F7A54A0622E802A100EEB188 /* Build configuration list for PBXNativeTarget "NIOCodableTests" */;
			buildPhases = (
				F7A549F622E802A100EEB188 /* Sources */,
				F7A549F722E802A100EEB188 /* Frameworks */,
				F7A549F822E802A100EEB188 /* Resources */,
			);
			buildRules = (
			);
			dependencies = (
				F7A549FC22E802A100EEB188 /* PBXTargetDependency */,
			);
			name = NIOCodableTests;
			productName = NIOCodableTests;
			productReference = F7A549FA22E802A100EEB188 /* NIOCodableTests.xctest */;
			productType = "com.apple.product-type.bundle.unit-test";
		};
/* End PBXNativeTarget section */

/* Begin PBXProject section */
		F7A549DE22E8029F00EEB188 /* Project object */ = {
			isa = PBXProject;
			attributes = {
				LastSwiftUpdateCheck = 1020;
				LastUpgradeCheck = 1020;
				ORGANIZATIONNAME = com.nio;
				TargetAttributes = {
					F7A549E522E8029F00EEB188 = {
						CreatedOnToolsVersion = 10.2.1;
					};
					F7A549F922E802A100EEB188 = {
						CreatedOnToolsVersion = 10.2.1;
						TestTargetID = F7A549E522E8029F00EEB188;
					};
				};
			};
			buildConfigurationList = F7A549E122E8029F00EEB188 /* Build configuration list for PBXProject "NIOCodable" */;
			compatibilityVersion = "Xcode 9.3";
			developmentRegion = en;
			hasScannedForEncodings = 0;
			knownRegions = (
				en,
				Base,
			);
			mainGroup = F7A549DD22E8029F00EEB188;
			productRefGroup = F7A549E722E8029F00EEB188 /* Products */;
			projectDirPath = "";
			projectRoot = "";
			targets = (
				F7A549E522E8029F00EEB188 /* NIOCodable */,
				F7A549F922E802A100EEB188 /* NIOCodableTests */,
			);
		};
/* End PBXProject section */

/* Begin PBXResourcesBuildPhase section */
		F7A549E422E8029F00EEB188 /* Resources */ = {
			isa = PBXResourcesBuildPhase;
			buildActionMask = 2147483647;
			files = (
				F7A54A2322E9475F00EEB188 /* Launch Screen.storyboard in Resources */,
				F7A549F122E802A000EEB188 /* Assets.xcassets in Resources */,
			);
			runOnlyForDeploymentPostprocessing = 0;
		};
		F7A549F822E802A100EEB188 /* Resources */ = {
			isa = PBXResourcesBuildPhase;
			buildActionMask = 2147483647;
			files = (
			);
			runOnlyForDeploymentPostprocessing = 0;
		};
/* End PBXResourcesBuildPhase section */

/* Begin PBXSourcesBuildPhase section */
		F7A549E222E8029F00EEB188 /* Sources */ = {
			isa = PBXSourcesBuildPhase;
			buildActionMask = 2147483647;
			files = (
				F7A54A1322E802CF00EEB188 /* NIOConvertible.swift in Sources */,
				F7A54A2122E946FE00EEB188 /* NIOKeyedDecodingContainer.swift in Sources */,
				F7A549EC22E802A000EEB188 /* ViewController.swift in Sources */,
				F7A54A1222E802CF00EEB188 /* NIOJSONDecoder.swift in Sources */,
				F7A549EA22E802A000EEB188 /* AppDelegate.swift in Sources */,
				F7A54A2022E946FE00EEB188 /* NIOUnkeyedDecodingContainer.swift in Sources */,
				F7A54A1F22E946FE00EEB188 /* NIOSingleValueDecodingContainer.swift in Sources */,
				6F6BDD72240E303A009A3E1F /* NIOCodableKey.swift in Sources */,
				F7A54A1122E802CF00EEB188 /* NIODecoder.swift in Sources */,
			);
			runOnlyForDeploymentPostprocessing = 0;
		};
		F7A549F622E802A100EEB188 /* Sources */ = {
			isa = PBXSourcesBuildPhase;
			buildActionMask = 2147483647;
			files = (
				F7A549FF22E802A100EEB188 /* NIOCodableTests.swift in Sources */,
			);
			runOnlyForDeploymentPostprocessing = 0;
		};
/* End PBXSourcesBuildPhase section */

/* Begin PBXTargetDependency section */
		F7A549FC22E802A100EEB188 /* PBXTargetDependency */ = {
			isa = PBXTargetDependency;
			target = F7A549E522E8029F00EEB188 /* NIOCodable */;
			targetProxy = F7A549FB22E802A100EEB188 /* PBXContainerItemProxy */;
		};
/* End PBXTargetDependency section */

/* Begin XCBuildConfiguration section */
		F7A54A0122E802A100EEB188 /* Debug */ = {
			isa = XCBuildConfiguration;
			buildSettings = {
				ALWAYS_SEARCH_USER_PATHS = NO;
				CLANG_ANALYZER_NONNULL = YES;
				CLANG_ANALYZER_NUMBER_OBJECT_CONVERSION = YES_AGGRESSIVE;
				CLANG_CXX_LANGUAGE_STANDARD = "gnu++14";
				CLANG_CXX_LIBRARY = "libc++";
				CLANG_ENABLE_MODULES = YES;
				CLANG_ENABLE_OBJC_ARC = YES;
				CLANG_ENABLE_OBJC_WEAK = YES;
				CLANG_WARN_BLOCK_CAPTURE_AUTORELEASING = YES;
				CLANG_WARN_BOOL_CONVERSION = YES;
				CLANG_WARN_COMMA = YES;
				CLANG_WARN_CONSTANT_CONVERSION = YES;
				CLANG_WARN_DEPRECATED_OBJC_IMPLEMENTATIONS = YES;
				CLANG_WARN_DIRECT_OBJC_ISA_USAGE = YES_ERROR;
				CLANG_WARN_DOCUMENTATION_COMMENTS = YES;
				CLANG_WARN_EMPTY_BODY = YES;
				CLANG_WARN_ENUM_CONVERSION = YES;
				CLANG_WARN_INFINITE_RECURSION = YES;
				CLANG_WARN_INT_CONVERSION = YES;
				CLANG_WARN_NON_LITERAL_NULL_CONVERSION = YES;
				CLANG_WARN_OBJC_IMPLICIT_RETAIN_SELF = YES;
				CLANG_WARN_OBJC_LITERAL_CONVERSION = YES;
				CLANG_WARN_OBJC_ROOT_CLASS = YES_ERROR;
				CLANG_WARN_RANGE_LOOP_ANALYSIS = YES;
				CLANG_WARN_STRICT_PROTOTYPES = YES;
				CLANG_WARN_SUSPICIOUS_MOVE = YES;
				CLANG_WARN_UNGUARDED_AVAILABILITY = YES_AGGRESSIVE;
				CLANG_WARN_UNREACHABLE_CODE = YES;
				CLANG_WARN__DUPLICATE_METHOD_MATCH = YES;
				CODE_SIGN_IDENTITY = "iPhone Developer";
				COPY_PHASE_STRIP = NO;
				DEBUG_INFORMATION_FORMAT = dwarf;
				ENABLE_STRICT_OBJC_MSGSEND = YES;
				ENABLE_TESTABILITY = YES;
				GCC_C_LANGUAGE_STANDARD = gnu11;
				GCC_DYNAMIC_NO_PIC = NO;
				GCC_NO_COMMON_BLOCKS = YES;
				GCC_OPTIMIZATION_LEVEL = 0;
				GCC_PREPROCESSOR_DEFINITIONS = (
					"DEBUG=1",
					"$(inherited)",
				);
				GCC_WARN_64_TO_32_BIT_CONVERSION = YES;
				GCC_WARN_ABOUT_RETURN_TYPE = YES_ERROR;
				GCC_WARN_UNDECLARED_SELECTOR = YES;
				GCC_WARN_UNINITIALIZED_AUTOS = YES_AGGRESSIVE;
				GCC_WARN_UNUSED_FUNCTION = YES;
				GCC_WARN_UNUSED_VARIABLE = YES;
				IPHONEOS_DEPLOYMENT_TARGET = 12.2;
				MTL_ENABLE_DEBUG_INFO = INCLUDE_SOURCE;
				MTL_FAST_MATH = YES;
				ONLY_ACTIVE_ARCH = YES;
				SDKROOT = iphoneos;
				SWIFT_ACTIVE_COMPILATION_CONDITIONS = DEBUG;
				SWIFT_OPTIMIZATION_LEVEL = "-Onone";
			};
			name = Debug;
		};
		F7A54A0222E802A100EEB188 /* Release */ = {
			isa = XCBuildConfiguration;
			buildSettings = {
				ALWAYS_SEARCH_USER_PATHS = NO;
				CLANG_ANALYZER_NONNULL = YES;
				CLANG_ANALYZER_NUMBER_OBJECT_CONVERSION = YES_AGGRESSIVE;
				CLANG_CXX_LANGUAGE_STANDARD = "gnu++14";
				CLANG_CXX_LIBRARY = "libc++";
				CLANG_ENABLE_MODULES = YES;
				CLANG_ENABLE_OBJC_ARC = YES;
				CLANG_ENABLE_OBJC_WEAK = YES;
				CLANG_WARN_BLOCK_CAPTURE_AUTORELEASING = YES;
				CLANG_WARN_BOOL_CONVERSION = YES;
				CLANG_WARN_COMMA = YES;
				CLANG_WARN_CONSTANT_CONVERSION = YES;
				CLANG_WARN_DEPRECATED_OBJC_IMPLEMENTATIONS = YES;
				CLANG_WARN_DIRECT_OBJC_ISA_USAGE = YES_ERROR;
				CLANG_WARN_DOCUMENTATION_COMMENTS = YES;
				CLANG_WARN_EMPTY_BODY = YES;
				CLANG_WARN_ENUM_CONVERSION = YES;
				CLANG_WARN_INFINITE_RECURSION = YES;
				CLANG_WARN_INT_CONVERSION = YES;
				CLANG_WARN_NON_LITERAL_NULL_CONVERSION = YES;
				CLANG_WARN_OBJC_IMPLICIT_RETAIN_SELF = YES;
				CLANG_WARN_OBJC_LITERAL_CONVERSION = YES;
				CLANG_WARN_OBJC_ROOT_CLASS = YES_ERROR;
				CLANG_WARN_RANGE_LOOP_ANALYSIS = YES;
				CLANG_WARN_STRICT_PROTOTYPES = YES;
				CLANG_WARN_SUSPICIOUS_MOVE = YES;
				CLANG_WARN_UNGUARDED_AVAILABILITY = YES_AGGRESSIVE;
				CLANG_WARN_UNREACHABLE_CODE = YES;
				CLANG_WARN__DUPLICATE_METHOD_MATCH = YES;
				CODE_SIGN_IDENTITY = "iPhone Developer";
				COPY_PHASE_STRIP = NO;
				DEBUG_INFORMATION_FORMAT = "dwarf-with-dsym";
				ENABLE_NS_ASSERTIONS = NO;
				ENABLE_STRICT_OBJC_MSGSEND = YES;
				GCC_C_LANGUAGE_STANDARD = gnu11;
				GCC_NO_COMMON_BLOCKS = YES;
				GCC_WARN_64_TO_32_BIT_CONVERSION = YES;
				GCC_WARN_ABOUT_RETURN_TYPE = YES_ERROR;
				GCC_WARN_UNDECLARED_SELECTOR = YES;
				GCC_WARN_UNINITIALIZED_AUTOS = YES_AGGRESSIVE;
				GCC_WARN_UNUSED_FUNCTION = YES;
				GCC_WARN_UNUSED_VARIABLE = YES;
				IPHONEOS_DEPLOYMENT_TARGET = 12.2;
				MTL_ENABLE_DEBUG_INFO = NO;
				MTL_FAST_MATH = YES;
				SDKROOT = iphoneos;
				SWIFT_COMPILATION_MODE = wholemodule;
				SWIFT_OPTIMIZATION_LEVEL = "-O";
				VALIDATE_PRODUCT = YES;
			};
			name = Release;
		};
		F7A54A0422E802A100EEB188 /* Debug */ = {
			isa = XCBuildConfiguration;
			buildSettings = {
				ASSETCATALOG_COMPILER_APPICON_NAME = AppIcon;
				CODE_SIGN_STYLE = Automatic;
				DEVELOPMENT_TEAM = LRXW8DEK2D;
				INFOPLIST_FILE = NIOCodable/Info.plist;
				LD_RUNPATH_SEARCH_PATHS = (
					"$(inherited)",
					"@executable_path/Frameworks",
				);
				PRODUCT_BUNDLE_IDENTIFIER = NIO.NIOCodable;
				PRODUCT_NAME = "$(TARGET_NAME)";
				SWIFT_VERSION = 5.0;
				TARGETED_DEVICE_FAMILY = "1,2";
			};
			name = Debug;
		};
		F7A54A0522E802A100EEB188 /* Release */ = {
			isa = XCBuildConfiguration;
			buildSettings = {
				ASSETCATALOG_COMPILER_APPICON_NAME = AppIcon;
				CODE_SIGN_STYLE = Automatic;
				DEVELOPMENT_TEAM = LRXW8DEK2D;
				INFOPLIST_FILE = NIOCodable/Info.plist;
				LD_RUNPATH_SEARCH_PATHS = (
					"$(inherited)",
					"@executable_path/Frameworks",
				);
				PRODUCT_BUNDLE_IDENTIFIER = NIO.NIOCodable;
				PRODUCT_NAME = "$(TARGET_NAME)";
				SWIFT_VERSION = 5.0;
				TARGETED_DEVICE_FAMILY = "1,2";
			};
			name = Release;
		};
		F7A54A0722E802A100EEB188 /* Debug */ = {
			isa = XCBuildConfiguration;
			buildSettings = {
				ALWAYS_EMBED_SWIFT_STANDARD_LIBRARIES = YES;
				BUNDLE_LOADER = "$(TEST_HOST)";
				CODE_SIGN_STYLE = Automatic;
				INFOPLIST_FILE = NIOCodableTests/Info.plist;
				LD_RUNPATH_SEARCH_PATHS = (
					"$(inherited)",
					"@executable_path/Frameworks",
					"@loader_path/Frameworks",
				);
				PRODUCT_BUNDLE_IDENTIFIER = NIO.NIOCodableTests;
				PRODUCT_NAME = "$(TARGET_NAME)";
				SWIFT_VERSION = 5.0;
				TARGETED_DEVICE_FAMILY = "1,2";
				TEST_HOST = "$(BUILT_PRODUCTS_DIR)/NIOCodable.app/NIOCodable";
			};
			name = Debug;
		};
		F7A54A0822E802A100EEB188 /* Release */ = {
			isa = XCBuildConfiguration;
			buildSettings = {
				ALWAYS_EMBED_SWIFT_STANDARD_LIBRARIES = YES;
				BUNDLE_LOADER = "$(TEST_HOST)";
				CODE_SIGN_STYLE = Automatic;
				INFOPLIST_FILE = NIOCodableTests/Info.plist;
				LD_RUNPATH_SEARCH_PATHS = (
					"$(inherited)",
					"@executable_path/Frameworks",
					"@loader_path/Frameworks",
				);
				PRODUCT_BUNDLE_IDENTIFIER = NIO.NIOCodableTests;
				PRODUCT_NAME = "$(TARGET_NAME)";
				SWIFT_VERSION = 5.0;
				TARGETED_DEVICE_FAMILY = "1,2";
				TEST_HOST = "$(BUILT_PRODUCTS_DIR)/NIOCodable.app/NIOCodable";
			};
			name = Release;
		};
/* End XCBuildConfiguration section */

/* Begin XCConfigurationList section */
		F7A549E122E8029F00EEB188 /* Build configuration list for PBXProject "NIOCodable" */ = {
			isa = XCConfigurationList;
			buildConfigurations = (
				F7A54A0122E802A100EEB188 /* Debug */,
				F7A54A0222E802A100EEB188 /* Release */,
			);
			defaultConfigurationIsVisible = 0;
			defaultConfigurationName = Release;
		};
		F7A54A0322E802A100EEB188 /* Build configuration list for PBXNativeTarget "NIOCodable" */ = {
			isa = XCConfigurationList;
			buildConfigurations = (
				F7A54A0422E802A100EEB188 /* Debug */,
				F7A54A0522E802A100EEB188 /* Release */,
			);
			defaultConfigurationIsVisible = 0;
			defaultConfigurationName = Release;
		};
		F7A54A0622E802A100EEB188 /* Build configuration list for PBXNativeTarget "NIOCodableTests" */ = {
			isa = XCConfigurationList;
			buildConfigurations = (
				F7A54A0722E802A100EEB188 /* Debug */,
				F7A54A0822E802A100EEB188 /* Release */,
			);
			defaultConfigurationIsVisible = 0;
			defaultConfigurationName = Release;
		};
/* End XCConfigurationList section */
	};
	rootObject = F7A549DE22E8029F00EEB188 /* Project object */;
}
